
Microsoft Visual Studio Solution File, Format Version 12.00
Project("{FAE04EC0-301F-11D3-BF4B-00C04F79EFBC}") = "viewer", "viewer\viewer.csproj", "{D868E172-D34E-4728-A1B8-027D5E385075}"
EndProject
Global
	GlobalSection(SolutionConfigurationPlatforms) = preSolution
		Debug|Any CPU = Debug|Any CPU
		Release|Any CPU = Release|Any CPU
	EndGlobalSection
	GlobalSection(ProjectConfigurationPlatforms) = postSolution
		{D868E172-D34E-4728-A1B8-027D5E385075}.Debug|Any CPU.ActiveCfg = Debug|Any CPU
		{D868E172-D34E-4728-A1B8-027D5E385075}.Debug|Any CPU.Build.0 = Debug|Any CPU
		{D868E172-D34E-4728-A1B8-027D5E385075}.Release|Any CPU.ActiveCfg = Release|Any CPU
		{D868E172-D34E-4728-A1B8-027D5E385075}.Release|Any CPU.Build.0 = Release|Any CPU
	EndGlobalSection
EndGlobal
